// !$*UTF8*$!
{
	archiveVersion = 1;
	classes = {
	};
	objectVersion = 56;
	objects = {

/* Begin PBXBuildFile section */
		371D1E9D2B07FDAE00B1D7AF /* HigherOrderFunctionApp.swift in Sources */ = {isa = PBXBuildFile; fileRef = 371D1E9C2B07FDAE00B1D7AF /* HigherOrderFunctionApp.swift */; };
		371D1E9F2B07FDAE00B1D7AF /* ContentView.swift in Sources */ = {isa = PBXBuildFile; fileRef = 371D1E9E2B07FDAE00B1D7AF /* ContentView.swift */; };
		371D1EA12B07FDB100B1D7AF /* Assets.xcassets in Resources */ = {isa = PBXBuildFile; fileRef = 371D1EA02B07FDB100B1D7AF /* Assets.xcassets */; };
		371D1EA42B07FDB100B1D7AF /* Preview Assets.xcassets in Resources */ = {isa = PBXBuildFile; fileRef = 371D1EA32B07FDB100B1D7AF /* Preview Assets.xcassets */; };
		371D1EAB2B07FDE000B1D7AF /* ReviewsView.swift in Sources */ = {isa = PBXBuildFile; fileRef = 371D1EAA2B07FDE000B1D7AF /* ReviewsView.swift */; };
		371D1EAE2B07FE1100B1D7AF /* RevData.swift in Sources */ = {isa = PBXBuildFile; fileRef = 371D1EAD2B07FE1100B1D7AF /* RevData.swift */; };
		371D1EB02B07FFF900B1D7AF /* RevDatabase.swift in Sources */ = {isa = PBXBuildFile; fileRef = 371D1EAF2B07FFF900B1D7AF /* RevDatabase.swift */; };
		3737F2EA2B092F8800A8CDC2 /* EducationView.swift in Sources */ = {isa = PBXBuildFile; fileRef = 3737F2E92B092F8800A8CDC2 /* EducationView.swift */; };
		37B31BF52B08E8DB00DCC2F8 /* ProductsView.swift in Sources */ = {isa = PBXBuildFile; fileRef = 37B31BF42B08E8DB00DCC2F8 /* ProductsView.swift */; };
		37B31BF72B08E8EA00DCC2F8 /* Product.swift in Sources */ = {isa = PBXBuildFile; fileRef = 37B31BF62B08E8EA00DCC2F8 /* Product.swift */; };
		37B31BF92B08E94600DCC2F8 /* ProductData.swift in Sources */ = {isa = PBXBuildFile; fileRef = 37B31BF82B08E94600DCC2F8 /* ProductData.swift */; };
		37B31BFD2B092F1E00DCC2F8 /* Edu.swift in Sources */ = {isa = PBXBuildFile; fileRef = 37B31BFC2B092F1E00DCC2F8 /* Edu.swift */; };
		37B31BFF2B092F4000DCC2F8 /* EduData.swift in Sources */ = {isa = PBXBuildFile; fileRef = 37B31BFE2B092F4000DCC2F8 /* EduData.swift */; };
/* End PBXBuildFile section */

/* Begin PBXFileReference section */
		371D1E992B07FDAE00B1D7AF /* HigherOrderFunction.app */ = {isa = PBXFileReference; explicitFileType = wrapper.application; includeInIndex = 0; path = HigherOrderFunction.app; sourceTree = BUILT_PRODUCTS_DIR; };
		371D1E9C2B07FDAE00B1D7AF /* HigherOrderFunctionApp.swift */ = {isa = PBXFileReference; lastKnownFileType = sourcecode.swift; path = HigherOrderFunctionApp.swift; sourceTree = "<group>"; };
		371D1E9E2B07FDAE00B1D7AF /* ContentView.swift */ = {isa = PBXFileReference; lastKnownFileType = sourcecode.swift; path = ContentView.swift; sourceTree = "<group>"; };
		371D1EA02B07FDB100B1D7AF /* Assets.xcassets */ = {isa = PBXFileReference; lastKnownFileType = folder.assetcatalog; path = Assets.xcassets; sourceTree = "<group>"; };
		371D1EA32B07FDB100B1D7AF /* Preview Assets.xcassets */ = {isa = PBXFileReference; lastKnownFileType = folder.assetcatalog; path = "Preview Assets.xcassets"; sourceTree = "<group>"; };
		371D1EAA2B07FDE000B1D7AF /* ReviewsView.swift */ = {isa = PBXFileReference; lastKnownFileType = sourcecode.swift; path = ReviewsView.swift; sourceTree = "<group>"; };
		371D1EAD2B07FE1100B1D7AF /* RevData.swift */ = {isa = PBXFileReference; lastKnownFileType = sourcecode.swift; path = RevData.swift; sourceTree = "<group>"; };
		371D1EAF2B07FFF900B1D7AF /* RevDatabase.swift */ = {isa = PBXFileReference; lastKnownFileType = sourcecode.swift; path = RevDatabase.swift; sourceTree = "<group>"; };
		3737F2E92B092F8800A8CDC2 /* EducationView.swift */ = {isa = PBXFileReference; lastKnownFileType = sourcecode.swift; path = EducationView.swift; sourceTree = "<group>"; };
		37B31BF42B08E8DB00DCC2F8 /* ProductsView.swift */ = {isa = PBXFileReference; lastKnownFileType = sourcecode.swift; path = ProductsView.swift; sourceTree = "<group>"; };
		37B31BF62B08E8EA00DCC2F8 /* Product.swift */ = {isa = PBXFileReference; lastKnownFileType = sourcecode.swift; path = Product.swift; sourceTree = "<group>"; };
		37B31BF82B08E94600DCC2F8 /* ProductData.swift */ = {isa = PBXFileReference; lastKnownFileType = sourcecode.swift; path = ProductData.swift; sourceTree = "<group>"; };
		37B31BFC2B092F1E00DCC2F8 /* Edu.swift */ = {isa = PBXFileReference; lastKnownFileType = sourcecode.swift; path = Edu.swift; sourceTree = "<group>"; };
		37B31BFE2B092F4000DCC2F8 /* EduData.swift */ = {isa = PBXFileReference; lastKnownFileType = sourcecode.swift; path = EduData.swift; sourceTree = "<group>"; };
/* End PBXFileReference section */

/* Begin PBXFrameworksBuildPhase section */
		371D1E962B07FDAE00B1D7AF /* Frameworks */ = {
			isa = PBXFrameworksBuildPhase;
			buildActionMask = 2147483647;
			files = (
			);
			runOnlyForDeploymentPostprocessing = 0;
		};
/* End PBXFrameworksBuildPhase section */

/* Begin PBXGroup section */
		371D1E902B07FDAE00B1D7AF = {
			isa = PBXGroup;
			children = (
				3737F2EB2B092FF700A8CDC2 /* EduCourses */,
				37B31BFB2B092EF700DCC2F8 /* Product */,
				371D1EAC2B07FDE800B1D7AF /* Reviews-Reduce */,
				371D1E9B2B07FDAE00B1D7AF /* HigherOrderFunction */,
				371D1E9A2B07FDAE00B1D7AF /* Products */,
			);
			sourceTree = "<group>";
		};
		371D1E9A2B07FDAE00B1D7AF /* Products */ = {
			isa = PBXGroup;
			children = (
				371D1E992B07FDAE00B1D7AF /* HigherOrderFunction.app */,
			);
			name = Products;
			sourceTree = "<group>";
		};
		371D1E9B2B07FDAE00B1D7AF /* HigherOrderFunction */ = {
			isa = PBXGroup;
			children = (
				371D1E9C2B07FDAE00B1D7AF /* HigherOrderFunctionApp.swift */,
				371D1E9E2B07FDAE00B1D7AF /* ContentView.swift */,
				371D1EA02B07FDB100B1D7AF /* Assets.xcassets */,
				371D1EA22B07FDB100B1D7AF /* Preview Content */,
			);
			path = HigherOrderFunction;
			sourceTree = "<group>";
		};
		371D1EA22B07FDB100B1D7AF /* Preview Content */ = {
			isa = PBXGroup;
			children = (
				371D1EA32B07FDB100B1D7AF /* Preview Assets.xcassets */,
			);
			path = "Preview Content";
			sourceTree = "<group>";
		};
		371D1EAC2B07FDE800B1D7AF /* Reviews-Reduce */ = {
			isa = PBXGroup;
			children = (
				371D1EAF2B07FFF900B1D7AF /* RevDatabase.swift */,
				371D1EAD2B07FE1100B1D7AF /* RevData.swift */,
				371D1EAA2B07FDE000B1D7AF /* ReviewsView.swift */,
			);
			path = "Reviews-Reduce";
			sourceTree = "<group>";
		};
		3737F2EB2B092FF700A8CDC2 /* EduCourses */ = {
			isa = PBXGroup;
			children = (
				37B31BFC2B092F1E00DCC2F8 /* Edu.swift */,
				37B31BFE2B092F4000DCC2F8 /* EduData.swift */,
				3737F2E92B092F8800A8CDC2 /* EducationView.swift */,
			);
			name = EduCourses;
			sourceTree = "<group>";
		};
		37B31BFB2B092EF700DCC2F8 /* Product */ = {
			isa = PBXGroup;
			children = (
				37B31BF62B08E8EA00DCC2F8 /* Product.swift */,
				37B31BF42B08E8DB00DCC2F8 /* ProductsView.swift */,
				37B31BF82B08E94600DCC2F8 /* ProductData.swift */,
			);
			name = Product;
			sourceTree = "<group>";
		};
/* End PBXGroup section */

/* Begin PBXNativeTarget section */
		371D1E982B07FDAE00B1D7AF /* HigherOrderFunction */ = {
			isa = PBXNativeTarget;
			buildConfigurationList = 371D1EA72B07FDB100B1D7AF /* Build configuration list for PBXNativeTarget "HigherOrderFunction" */;
			buildPhases = (
				371D1E952B07FDAE00B1D7AF /* Sources */,
				371D1E962B07FDAE00B1D7AF /* Frameworks */,
				371D1E972B07FDAE00B1D7AF /* Resources */,
			);
			buildRules = (
			);
			dependencies = (
			);
			name = HigherOrderFunction;
			productName = HigherOrderFunction;
			productReference = 371D1E992B07FDAE00B1D7AF /* HigherOrderFunction.app */;
			productType = "com.apple.product-type.application";
		};
/* End PBXNativeTarget section */

/* Begin PBXProject section */
		371D1E912B07FDAE00B1D7AF /* Project object */ = {
			isa = PBXProject;
			attributes = {
				BuildIndependentTargetsInParallel = 1;
				LastSwiftUpdateCheck = 1500;
				LastUpgradeCheck = 1500;
				TargetAttributes = {
					371D1E982B07FDAE00B1D7AF = {
						CreatedOnToolsVersion = 15.0.1;
					};
				};
			};
			buildConfigurationList = 371D1E942B07FDAE00B1D7AF /* Build configuration list for PBXProject "HigherOrderFunction" */;
			compatibilityVersion = "Xcode 14.0";
			developmentRegion = en;
			hasScannedForEncodings = 0;
			knownRegions = (
				en,
				Base,
			);
			mainGroup = 371D1E902B07FDAE00B1D7AF;
			productRefGroup = 371D1E9A2B07FDAE00B1D7AF /* Products */;
			projectDirPath = "";
			projectRoot = "";
			targets = (
				371D1E982B07FDAE00B1D7AF /* HigherOrderFunction */,
			);
		};
/* End PBXProject section */

/* Begin PBXResourcesBuildPhase section */
		371D1E972B07FDAE00B1D7AF /* Resources */ = {
			isa = PBXResourcesBuildPhase;
			buildActionMask = 2147483647;
			files = (
				371D1EA42B07FDB100B1D7AF /* Preview Assets.xcassets in Resources */,
				371D1EA12B07FDB100B1D7AF /* Assets.xcassets in Resources */,
			);
			runOnlyForDeploymentPostprocessing = 0;
		};
/* End PBXResourcesBuildPhase section */

/* Begin PBXSourcesBuildPhase section */
		371D1E952B07FDAE00B1D7AF /* Sources */ = {
			isa = PBXSourcesBuildPhase;
			buildActionMask = 2147483647;
			files = (
				371D1EAB2B07FDE000B1D7AF /* ReviewsView.swift in Sources */,
				371D1E9F2B07FDAE00B1D7AF /* ContentView.swift in Sources */,
				37B31BFF2B092F4000DCC2F8 /* EduData.swift in Sources */,
				37B31BF52B08E8DB00DCC2F8 /* ProductsView.swift in Sources */,
				3737F2EA2B092F8800A8CDC2 /* EducationView.swift in Sources */,
				37B31BFD2B092F1E00DCC2F8 /* Edu.swift in Sources */,
				371D1E9D2B07FDAE00B1D7AF /* HigherOrderFunctionApp.swift in Sources */,
				371D1EAE2B07FE1100B1D7AF /* RevData.swift in Sources */,
				371D1EB02B07FFF900B1D7AF /* RevDatabase.swift in Sources */,
				37B31BF72B08E8EA00DCC2F8 /* Product.swift in Sources */,
				37B31BF92B08E94600DCC2F8 /* ProductData.swift in Sources */,
			);
			runOnlyForDeploymentPostprocessing = 0;
		};
/* End PBXSourcesBuildPhase section */

/* Begin XCBuildConfiguration section */
		371D1EA52B07FDB100B1D7AF /* Debug */ = {
			isa = XCBuildConfiguration;
			buildSettings = {
				ALWAYS_SEARCH_USER_PATHS = NO;
				ASSETCATALOG_COMPILER_GENERATE_SWIFT_ASSET_SYMBOL_EXTENSIONS = YES;
				CLANG_ANALYZER_NONNULL = YES;
				CLANG_ANALYZER_NUMBER_OBJECT_CONVERSION = YES_AGGRESSIVE;
				CLANG_CXX_LANGUAGE_STANDARD = "gnu++20";
				CLANG_ENABLE_MODULES = YES;
				CLANG_ENABLE_OBJC_ARC = YES;
				CLANG_ENABLE_OBJC_WEAK = YES;
				CLANG_WARN_BLOCK_CAPTURE_AUTORELEASING = YES;
				CLANG_WARN_BOOL_CONVERSION = YES;
				CLANG_WARN_COMMA = YES;
				CLANG_WARN_CONSTANT_CONVERSION = YES;
				CLANG_WARN_DEPRECATED_OBJC_IMPLEMENTATIONS = YES;
				CLANG_WARN_DIRECT_OBJC_ISA_USAGE = YES_ERROR;
				CLANG_WARN_DOCUMENTATION_COMMENTS = YES;
				CLANG_WARN_EMPTY_BODY = YES;
				CLANG_WARN_ENUM_CONVERSION = YES;
				CLANG_WARN_INFINITE_RECURSION = YES;
				CLANG_WARN_INT_CONVERSION = YES;
				CLANG_WARN_NON_LITERAL_NULL_CONVERSION = YES;
				CLANG_WARN_OBJC_IMPLICIT_RETAIN_SELF = YES;
				CLANG_WARN_OBJC_LITERAL_CONVERSION = YES;
				CLANG_WARN_OBJC_ROOT_CLASS = YES_ERROR;
				CLANG_WARN_QUOTED_INCLUDE_IN_FRAMEWORK_HEADER = YES;
				CLANG_WARN_RANGE_LOOP_ANALYSIS = YES;
				CLANG_WARN_STRICT_PROTOTYPES = YES;
				CLANG_WARN_SUSPICIOUS_MOVE = YES;
				CLANG_WARN_UNGUARDED_AVAILABILITY = YES_AGGRESSIVE;
				CLANG_WARN_UNREACHABLE_CODE = YES;
				CLANG_WARN__DUPLICATE_METHOD_MATCH = YES;
				COPY_PHASE_STRIP = NO;
				DEBUG_INFORMATION_FORMAT = dwarf;
				ENABLE_STRICT_OBJC_MSGSEND = YES;
				ENABLE_TESTABILITY = YES;
				ENABLE_USER_SCRIPT_SANDBOXING = YES;
				GCC_C_LANGUAGE_STANDARD = gnu17;
				GCC_DYNAMIC_NO_PIC = NO;
				GCC_NO_COMMON_BLOCKS = YES;
				GCC_OPTIMIZATION_LEVEL = 0;
				GCC_PREPROCESSOR_DEFINITIONS = (
					"DEBUG=1",
					"$(inherited)",
				);
				GCC_WARN_64_TO_32_BIT_CONVERSION = YES;
				GCC_WARN_ABOUT_RETURN_TYPE = YES_ERROR;
				GCC_WARN_UNDECLARED_SELECTOR = YES;
				GCC_WARN_UNINITIALIZED_AUTOS = YES_AGGRESSIVE;
				GCC_WARN_UNUSED_FUNCTION = YES;
				GCC_WARN_UNUSED_VARIABLE = YES;
				IPHONEOS_DEPLOYMENT_TARGET = 17.0;
				LOCALIZATION_PREFERS_STRING_CATALOGS = YES;
				MTL_ENABLE_DEBUG_INFO = INCLUDE_SOURCE;
				MTL_FAST_MATH = YES;
				ONLY_ACTIVE_ARCH = YES;
				SDKROOT = iphoneos;
				SWIFT_ACTIVE_COMPILATION_CONDITIONS = "DEBUG $(inherited)";
				SWIFT_OPTIMIZATION_LEVEL = "-Onone";
			};
			name = Debug;
		};
		371D1EA62B07FDB100B1D7AF /* Release */ = {
			isa = XCBuildConfiguration;
			buildSettings = {
				ALWAYS_SEARCH_USER_PATHS = NO;
				ASSETCATALOG_COMPILER_GENERATE_SWIFT_ASSET_SYMBOL_EXTENSIONS = YES;
				CLANG_ANALYZER_NONNULL = YES;
				CLANG_ANALYZER_NUMBER_OBJECT_CONVERSION = YES_AGGRESSIVE;
				CLANG_CXX_LANGUAGE_STANDARD = "gnu++20";
				CLANG_ENABLE_MODULES = YES;
				CLANG_ENABLE_OBJC_ARC = YES;
				CLANG_ENABLE_OBJC_WEAK = YES;
				CLANG_WARN_BLOCK_CAPTURE_AUTORELEASING = YES;
				CLANG_WARN_BOOL_CONVERSION = YES;
				CLANG_WARN_COMMA = YES;
				CLANG_WARN_CONSTANT_CONVERSION = YES;
				CLANG_WARN_DEPRECATED_OBJC_IMPLEMENTATIONS = YES;
				CLANG_WARN_DIRECT_OBJC_ISA_USAGE = YES_ERROR;
				CLANG_WARN_DOCUMENTATION_COMMENTS = YES;
				CLANG_WARN_EMPTY_BODY = YES;
				CLANG_WARN_ENUM_CONVERSION = YES;
				CLANG_WARN_INFINITE_RECURSION = YES;
				CLANG_WARN_INT_CONVERSION = YES;
				CLANG_WARN_NON_LITERAL_NULL_CONVERSION = YES;
				CLANG_WARN_OBJC_IMPLICIT_RETAIN_SELF = YES;
				CLANG_WARN_OBJC_LITERAL_CONVERSION = YES;
				CLANG_WARN_OBJC_ROOT_CLASS = YES_ERROR;
				CLANG_WARN_QUOTED_INCLUDE_IN_FRAMEWORK_HEADER = YES;
				CLANG_WARN_RANGE_LOOP_ANALYSIS = YES;
				CLANG_WARN_STRICT_PROTOTYPES = YES;
				CLANG_WARN_SUSPICIOUS_MOVE = YES;
				CLANG_WARN_UNGUARDED_AVAILABILITY = YES_AGGRESSIVE;
				CLANG_WARN_UNREACHABLE_CODE = YES;
				CLANG_WARN__DUPLICATE_METHOD_MATCH = YES;
				COPY_PHASE_STRIP = NO;
				DEBUG_INFORMATION_FORMAT = "dwarf-with-dsym";
				ENABLE_NS_ASSERTIONS = NO;
				ENABLE_STRICT_OBJC_MSGSEND = YES;
				ENABLE_USER_SCRIPT_SANDBOXING = YES;
				GCC_C_LANGUAGE_STANDARD = gnu17;
				GCC_NO_COMMON_BLOCKS = YES;
				GCC_WARN_64_TO_32_BIT_CONVERSION = YES;
				GCC_WARN_ABOUT_RETURN_TYPE = YES_ERROR;
				GCC_WARN_UNDECLARED_SELECTOR = YES;
				GCC_WARN_UNINITIALIZED_AUTOS = YES_AGGRESSIVE;
				GCC_WARN_UNUSED_FUNCTION = YES;
				GCC_WARN_UNUSED_VARIABLE = YES;
				IPHONEOS_DEPLOYMENT_TARGET = 17.0;
				LOCALIZATION_PREFERS_STRING_CATALOGS = YES;
				MTL_ENABLE_DEBUG_INFO = NO;
				MTL_FAST_MATH = YES;
				SDKROOT = iphoneos;
				SWIFT_COMPILATION_MODE = wholemodule;
				VALIDATE_PRODUCT = YES;
			};
			name = Release;
		};
		371D1EA82B07FDB100B1D7AF /* Debug */ = {
			isa = XCBuildConfiguration;
			buildSettings = {
				ASSETCATALOG_COMPILER_APPICON_NAME = AppIcon;
				ASSETCATALOG_COMPILER_GLOBAL_ACCENT_COLOR_NAME = AccentColor;
				CODE_SIGN_STYLE = Automatic;
				CURRENT_PROJECT_VERSION = 1;
				DEVELOPMENT_ASSET_PATHS = "\"HigherOrderFunction/Preview Content\"";
				ENABLE_PREVIEWS = YES;
				GENERATE_INFOPLIST_FILE = YES;
				INFOPLIST_KEY_UIApplicationSceneManifest_Generation = YES;
				INFOPLIST_KEY_UIApplicationSupportsIndirectInputEvents = YES;
				INFOPLIST_KEY_UILaunchScreen_Generation = YES;
				INFOPLIST_KEY_UISupportedInterfaceOrientations_iPad = "UIInterfaceOrientationPortrait UIInterfaceOrientationPortraitUpsideDown UIInterfaceOrientationLandscapeLeft UIInterfaceOrientationLandscapeRight";
				INFOPLIST_KEY_UISupportedInterfaceOrientations_iPhone = "UIInterfaceOrientationPortrait UIInterfaceOrientationLandscapeLeft UIInterfaceOrientationLandscapeRight";
				LD_RUNPATH_SEARCH_PATHS = (
					"$(inherited)",
					"@executable_path/Frameworks",
				);
				MARKETING_VERSION = 1.0;
				PRODUCT_BUNDLE_IDENTIFIER = com.example.HigherOrderFunction;
				PRODUCT_NAME = "$(TARGET_NAME)";
				SWIFT_EMIT_LOC_STRINGS = YES;
				SWIFT_VERSION = 5.0;
				TARGETED_DEVICE_FAMILY = "1,2";
			};
			name = Debug;
		};
		371D1EA92B07FDB100B1D7AF /* Release */ = {
			isa = XCBuildConfiguration;
			buildSettings = {
				ASSETCATALOG_COMPILER_APPICON_NAME = AppIcon;
				ASSETCATALOG_COMPILER_GLOBAL_ACCENT_COLOR_NAME = AccentColor;
				CODE_SIGN_STYLE = Automatic;
				CURRENT_PROJECT_VERSION = 1;
				DEVELOPMENT_ASSET_PATHS = "\"HigherOrderFunction/Preview Content\"";
				ENABLE_PREVIEWS = YES;
				GENERATE_INFOPLIST_FILE = YES;
				INFOPLIST_KEY_UIApplicationSceneManifest_Generation = YES;
				INFOPLIST_KEY_UIApplicationSupportsIndirectInputEvents = YES;
				INFOPLIST_KEY_UILaunchScreen_Generation = YES;
				INFOPLIST_KEY_UISupportedInterfaceOrientations_iPad = "UIInterfaceOrientationPortrait UIInterfaceOrientationPortraitUpsideDown UIInterfaceOrientationLandscapeLeft UIInterfaceOrientationLandscapeRight";
				INFOPLIST_KEY_UISupportedInterfaceOrientations_iPhone = "UIInterfaceOrientationPortrait UIInterfaceOrientationLandscapeLeft UIInterfaceOrientationLandscapeRight";
				LD_RUNPATH_SEARCH_PATHS = (
					"$(inherited)",
					"@executable_path/Frameworks",
				);
				MARKETING_VERSION = 1.0;
				PRODUCT_BUNDLE_IDENTIFIER = com.example.HigherOrderFunction;
				PRODUCT_NAME = "$(TARGET_NAME)";
				SWIFT_EMIT_LOC_STRINGS = YES;
				SWIFT_VERSION = 5.0;
				TARGETED_DEVICE_FAMILY = "1,2";
			};
			name = Release;
		};
/* End XCBuildConfiguration section */

/* Begin XCConfigurationList section */
		371D1E942B07FDAE00B1D7AF /* Build configuration list for PBXProject "HigherOrderFunction" */ = {
			isa = XCConfigurationList;
			buildConfigurations = (
				371D1EA52B07FDB100B1D7AF /* Debug */,
				371D1EA62B07FDB100B1D7AF /* Release */,
			);
			defaultConfigurationIsVisible = 0;
			defaultConfigurationName = Release;
		};
		371D1EA72B07FDB100B1D7AF /* Build configuration list for PBXNativeTarget "HigherOrderFunction" */ = {
			isa = XCConfigurationList;
			buildConfigurations = (
				371D1EA82B07FDB100B1D7AF /* Debug */,
				371D1EA92B07FDB100B1D7AF /* Release */,
			);
			defaultConfigurationIsVisible = 0;
			defaultConfigurationName = Release;
		};
/* End XCConfigurationList section */
	};
	rootObject = 371D1E912B07FDAE00B1D7AF /* Project object */;
}
